
Microsoft Visual Studio Solution File, Format Version 12.00
# Visual Studio 15
VisualStudioVersion = 15.0.27703.2047
MinimumVisualStudioVersion = 10.0.40219.1
Project("{FAE04EC0-301F-11D3-BF4B-00C04F79EFBC}") = "CDASH2018", "CDASH2018\CDASH2018.csproj", "{64A4CB8F-FD17-47DF-819D-6CE687DE7AAC}"
EndProject
Project("{FAE04EC0-301F-11D3-BF4B-00C04F79EFBC}") = "DataLayer", "DataLayer\DataLayer.csproj", "{4578AEF2-3304-49D7-9498-51D5051C53C8}"
EndProject
Global
	GlobalSection(SolutionConfigurationPlatforms) = preSolution
		Debug|Any CPU = Debug|Any CPU
		Release|Any CPU = Release|Any CPU
	EndGlobalSection
	GlobalSection(ProjectConfigurationPlatforms) = postSolution
		{64A4CB8F-FD17-47DF-819D-6CE687DE7AAC}.Debug|Any CPU.ActiveCfg = Debug|Any CPU
		{64A4CB8F-FD17-47DF-819D-6CE687DE7AAC}.Debug|Any CPU.Build.0 = Debug|Any CPU
		{64A4CB8F-FD17-47DF-819D-6CE687DE7AAC}.Release|Any CPU.ActiveCfg = Release|Any CPU
		{64A4CB8F-FD17-47DF-819D-6CE687DE7AAC}.Release|Any CPU.Build.0 = Release|Any CPU
		{4578AEF2-3304-49D7-9498-51D5051C53C8}.Debug|Any CPU.ActiveCfg = Debug|Any CPU
		{4578AEF2-3304-49D7-9498-51D5051C53C8}.Debug|Any CPU.Build.0 = Debug|Any CPU
		{4578AEF2-3304-49D7-9498-51D5051C53C8}.Release|Any CPU.ActiveCfg = Release|Any CPU
		{4578AEF2-3304-49D7-9498-51D5051C53C8}.Release|Any CPU.Build.0 = Release|Any CPU
	EndGlobalSection
	GlobalSection(SolutionProperties) = preSolution
		HideSolutionNode = FALSE
	EndGlobalSection
	GlobalSection(ExtensibilityGlobals) = postSolution
		SolutionGuid = {0861EB6D-EA92-44A8-8653-D7A100846103}
	EndGlobalSection
EndGlobal
